
Microsoft Visual Studio Solution File, Format Version 12.00
# Visual Studio Version 17
VisualStudioVersion = 17.1.32228.430
MinimumVisualStudioVersion = 10.0.40219.1
Project("{FAE04EC0-301F-11D3-BF4B-00C04F79EFBC}") = "Callender", "Callender\Callender.csproj", "{552AF493-5C20-4928-931F-414CF8053581}"
EndProject
Global
	GlobalSection(SolutionConfigurationPlatforms) = preSolution
		Debug|Any CPU = Debug|Any CPU
		Release|Any CPU = Release|Any CPU
	EndGlobalSection
	GlobalSection(ProjectConfigurationPlatforms) = postSolution
		{552AF493-5C20-4928-931F-414CF8053581}.Debug|Any CPU.ActiveCfg = Debug|Any CPU
		{552AF493-5C20-4928-931F-414CF8053581}.Debug|Any CPU.Build.0 = Debug|Any CPU
		{552AF493-5C20-4928-931F-414CF8053581}.Release|Any CPU.ActiveCfg = Release|Any CPU
		{552AF493-5C20-4928-931F-414CF8053581}.Release|Any CPU.Build.0 = Release|Any CPU
	EndGlobalSection
	GlobalSection(SolutionProperties) = preSolution
		HideSolutionNode = FALSE
	EndGlobalSection
	GlobalSection(ExtensibilityGlobals) = postSolution
		SolutionGuid = {13F38003-4D2D-4FF4-ADAF-59AB97E9EB96}
	EndGlobalSection
EndGlobal
